
Microsoft Visual Studio Solution File, Format Version 11.00
# Visual Studio 2010
Project("{FAE04EC0-301F-11D3-BF4B-00C04F79EFBC}") = "aoBannerCampaigns", "aoBannerCampaigns\aoBannerCampaigns.csproj", "{4E9B3ADB-489E-43E0-ABC4-37FA7289EF4E}"
EndProject
Global
	GlobalSection(SolutionConfigurationPlatforms) = preSolution
		Debug|Any CPU = Debug|Any CPU
		Release|Any CPU = Release|Any CPU
	EndGlobalSection
	GlobalSection(ProjectConfigurationPlatforms) = postSolution
		{4E9B3ADB-489E-43E0-ABC4-37FA7289EF4E}.Debug|Any CPU.ActiveCfg = Debug|Any CPU
		{4E9B3ADB-489E-43E0-ABC4-37FA7289EF4E}.Debug|Any CPU.Build.0 = Debug|Any CPU
		{4E9B3ADB-489E-43E0-ABC4-37FA7289EF4E}.Release|Any CPU.ActiveCfg = Release|Any CPU
		{4E9B3ADB-489E-43E0-ABC4-37FA7289EF4E}.Release|Any CPU.Build.0 = Release|Any CPU
	EndGlobalSection
	GlobalSection(SolutionProperties) = preSolution
		HideSolutionNode = FALSE
	EndGlobalSection
EndGlobal
